{
  "name": "AdvancedCollectable",
  "lockfileVersion": 2,
  "requires": true,
  "packages": {
    "": {
      "name": "AdvancedCollectable",
      "dependencies": {
        "ganache-cli": "^6.1.8"
      }
    },
    "node_modules/ganache-cli": {
      "version": "6.1.8",
      "resolved": "https://registry.npmjs.org/ganache-cli/-/ganache-cli-6.1.8.tgz",
      "integrity": "sha512-yXzteu4SIgUL31mnpm9j+x6dpHUw0p/nsRVkcySKq0w+1vDxH9jMErP1QhZAJuTVE6ni4nfvGSNkaQx5cD3jfg==",
      "dependencies": {
        "source-map-support": "^0.5.3"
      },
      "bin": {
        "ganache-cli": "build/cli.node.js"
      }
    },
    "node_modules/ganache-cli/node_modules/buffer-from": {
      "version": "1.1.1",
      "license": "MIT"
    },
    "node_modules/ganache-cli/node_modules/source-map": {
      "version": "0.6.1",
      "license": "BSD-3-Clause",
      "engines": {
        "node": ">=0.10.0"
      }
    },
    "node_modules/ganache-cli/node_modules/source-map-support": {
      "version": "0.5.12",
      "license": "MIT",
      "dependencies": {
        "buffer-from": "^1.0.0",
        "source-map": "^0.6.0"
      }
    }
  },
  "dependencies": {
    "ganache-cli": {
      "version": "6.1.8",
      "resolved": "https://registry.npmjs.org/ganache-cli/-/ganache-cli-6.1.8.tgz",
      "integrity": "sha512-yXzteu4SIgUL31mnpm9j+x6dpHUw0p/nsRVkcySKq0w+1vDxH9jMErP1QhZAJuTVE6ni4nfvGSNkaQx5cD3jfg==",
      "requires": {
        "source-map-support": "^0.5.3"
      },
      "dependencies": {
        "buffer-from": {
          "version": "1.1.1"
        },
        "source-map": {
          "version": "0.6.1"
        },
        "source-map-support": {
          "version": "0.5.12",
          "requires": {
            "buffer-from": "^1.0.0",
            "source-map": "^0.6.0"
          }
        }
      }
    }
  }
}
